
Microsoft Visual Studio Solution File, Format Version 12.00
# Visual Studio Version 17
VisualStudioVersion = 17.9.34728.123
MinimumVisualStudioVersion = 10.0.40219.1
Project("{9A19103F-16F7-4668-BE54-9A1E7A4F7556}") = "FtpExplorerWeb.Presentation", "FtpExplorerWeb.Presentation\FtpExplorerWeb.Presentation.csproj", "{9B701DE9-9580-44AF-871D-AF56CE2E14EB}"
EndProject
Project("{9A19103F-16F7-4668-BE54-9A1E7A4F7556}") = "FtpExplorerWeb.Domain", "FtpExplorerWeb.Domain\FtpExplorerWeb.Domain.csproj", "{6163BAB6-D2F5-49A3-8BC4-DF2CB6EDA88D}"
EndProject
Project("{9A19103F-16F7-4668-BE54-9A1E7A4F7556}") = "FtpExplorerWeb.DataAccsess", "FtpExplorerWeb.DataAccsess\FtpExplorerWeb.DataAccsess.csproj", "{2A8C8509-6BD5-4486-8480-8536940325C6}"
EndProject
Project("{9A19103F-16F7-4668-BE54-9A1E7A4F7556}") = "FtpExplorerWeb.Utils", "FtpExplorerWeb.Utils\FtpExplorerWeb.Utils.csproj", "{BB25063C-836E-4131-97D6-74D3366C439C}"
EndProject
Project("{FAE04EC0-301F-11D3-BF4B-00C04F79EFBC}") = "FtpExplorerWeb.Application", "FtpExplorerWeb.Application\FtpExplorerWeb.Application.csproj", "{77786D6A-EE55-43EC-B019-1D50E454474E}"
EndProject
Global
	GlobalSection(SolutionConfigurationPlatforms) = preSolution
		Debug|Any CPU = Debug|Any CPU
		Release|Any CPU = Release|Any CPU
	EndGlobalSection
	GlobalSection(ProjectConfigurationPlatforms) = postSolution
		{9B701DE9-9580-44AF-871D-AF56CE2E14EB}.Debug|Any CPU.ActiveCfg = Debug|Any CPU
		{9B701DE9-9580-44AF-871D-AF56CE2E14EB}.Debug|Any CPU.Build.0 = Debug|Any CPU
		{9B701DE9-9580-44AF-871D-AF56CE2E14EB}.Release|Any CPU.ActiveCfg = Release|Any CPU
		{9B701DE9-9580-44AF-871D-AF56CE2E14EB}.Release|Any CPU.Build.0 = Release|Any CPU
		{6163BAB6-D2F5-49A3-8BC4-DF2CB6EDA88D}.Debug|Any CPU.ActiveCfg = Debug|Any CPU
		{6163BAB6-D2F5-49A3-8BC4-DF2CB6EDA88D}.Debug|Any CPU.Build.0 = Debug|Any CPU
		{6163BAB6-D2F5-49A3-8BC4-DF2CB6EDA88D}.Release|Any CPU.ActiveCfg = Release|Any CPU
		{6163BAB6-D2F5-49A3-8BC4-DF2CB6EDA88D}.Release|Any CPU.Build.0 = Release|Any CPU
		{2A8C8509-6BD5-4486-8480-8536940325C6}.Debug|Any CPU.ActiveCfg = Debug|Any CPU
		{2A8C8509-6BD5-4486-8480-8536940325C6}.Debug|Any CPU.Build.0 = Debug|Any CPU
		{2A8C8509-6BD5-4486-8480-8536940325C6}.Release|Any CPU.ActiveCfg = Release|Any CPU
		{2A8C8509-6BD5-4486-8480-8536940325C6}.Release|Any CPU.Build.0 = Release|Any CPU
		{BB25063C-836E-4131-97D6-74D3366C439C}.Debug|Any CPU.ActiveCfg = Debug|Any CPU
		{BB25063C-836E-4131-97D6-74D3366C439C}.Debug|Any CPU.Build.0 = Debug|Any CPU
		{BB25063C-836E-4131-97D6-74D3366C439C}.Release|Any CPU.ActiveCfg = Release|Any CPU
		{BB25063C-836E-4131-97D6-74D3366C439C}.Release|Any CPU.Build.0 = Release|Any CPU
		{77786D6A-EE55-43EC-B019-1D50E454474E}.Debug|Any CPU.ActiveCfg = Debug|Any CPU
		{77786D6A-EE55-43EC-B019-1D50E454474E}.Debug|Any CPU.Build.0 = Debug|Any CPU
		{77786D6A-EE55-43EC-B019-1D50E454474E}.Release|Any CPU.ActiveCfg = Release|Any CPU
		{77786D6A-EE55-43EC-B019-1D50E454474E}.Release|Any CPU.Build.0 = Release|Any CPU
	EndGlobalSection
	GlobalSection(SolutionProperties) = preSolution
		HideSolutionNode = FALSE
	EndGlobalSection
	GlobalSection(ExtensibilityGlobals) = postSolution
		SolutionGuid = {EA5F8193-3391-4658-80C9-CE51BC13E600}
	EndGlobalSection
EndGlobal
